{
    "_meta": {
        "hash": {
            "sha256": "983122ef4b7751c0dec1d12570d56bff3a13974cfdef776d67ab7043981301d8"
        },
        "pipfile-spec": 6,
        "requires": {
            "python_version": "3.5"
        },
        "sources": [
            {
                "name": "pypi",
                "url": "https://pypi.org/simple",
                "verify_ssl": true
            }
        ]
    },
    "default": {
        "aiofiles": {
            "hashes": [
                "sha256:021ea0ba314a86027c166ecc4b4c07f2d40fc0f4b3a950d1868a0f2571c2bbee",
                "sha256:1e644c2573f953664368de28d2aa4c89dfd64550429d0c27c4680ccd3aa4985d"
            ],
            "version": "==0.4.0"
        },
        "aiohttp": {
            "hashes": [
                "sha256:14821eb8613bfab9118be3c55afc87bf4cef97689896fa0874c6877b117afbeb",
                "sha256:3a4cdb9ca87c099d8ba5eb91cb8f000b60c21f8c1b50c75e04e8777e903bd278",
                "sha256:44c9cf24e63576244c13265ef0786b56d6751f5fb722225ecc021d6ecf91b4d2",
                "sha256:46ace48789865a89992419205024ae451d577876f9919fbb0f22f71189822dea",
                "sha256:528b0b811b6260a79222b055664b82093d01f35fe5c82521d8659cb2b28b8044",
                "sha256:5436ca0ed752bb05a399fc07dc86dc23c756db523a3b7d5da46a457eacf4c4b5",
                "sha256:5a952d4af7de5f78dfb3206dbc352717890b37d447f0bbd4b5969b3c8bb713af",
                "sha256:6b8c5a00432b8a5a083792006e8fdfb558b8b10019ce254200855264d3a25895",
                "sha256:756fc336a29c551b02252685f01bc87116bc9b04bbd02c1a6b8a96b3c6ad713b",
                "sha256:7ac6378ae364d8e5e5260c7224ea4a1965cb6f4719f15d0552349d0b0cc93953",
                "sha256:7b407c22b0ab473ffe0a7d3231f2084a8ae80fdb64a31842b88d57d6b7bdab7c",
                "sha256:82a9068d9cb15eb2d99ecf39f8d56b4ed9f931a77a3622a0de747465fd2a7b96",
                "sha256:834f687b806fbf49cb135b5a208b5c27338e19c219d6e09e9049936e01e8bea8",
                "sha256:8adda6583ba438a4c70693374e10b60168663ffa6564c5c75d3c7a9055290964",
                "sha256:8f32a4e157bad9c60ebc38c3bb93fcc907a020b017ddf8f7ab1580390e21940e",
                "sha256:a8c12f3184c7cad8f66cae6c945d2c97e598b0cb7afd655a5b9471475e67f30e",
                "sha256:b25c7720c495048ed658086a29925ab485ac7ececf1b346f2b459e5431d85016",
                "sha256:c77e29243a79e376a1b51d71a13df4a61bc54fd4d9597ce3790b8d82ec6eb44d",
                "sha256:cf790e61c2af0278f39dcedad9a22532bf81fb029c2cd73b1ceba7bea062c908",
                "sha256:ef1a36a16e72b6689ce0a6c7fc6bd88837d8fef4590b16bd72817644ae1f414d",
                "sha256:f5e7d41d924a1d5274060c467539ee0c4f3bab318c1671ad65abd91f6b637baf",
                "sha256:f72bb19cece43483171264584bbaaf8b97717d9c0f244d1ef4a51df1cdb34085"
            ],
            "version": "==2.3.10"
        },
        "amqp": {
            "hashes": [
                "sha256:19a917e260178b8d410122712bac69cb3e6db010d68f6101e7307508aded5e68",
                "sha256:19d851b879a471fcfdcf01df9936cff924f422baa77653289f7095dedd5fb26a"
            ],
            "version": "==2.5.1"
        },
        "async-timeout": {
            "hashes": [
                "sha256:00cff4d2dce744607335cba84e9929c3165632da2d27970dbc55802a0c7873d0",
                "sha256:9093db5b8ddbe4b8f6885d1a6e0ad84ae3155464cbf6877c387605244c285f3c"
            ],
            "version": "==2.0.1"
        },
        "beautifulsoup4": {
            "hashes": [
                "sha256:5279c36b4b2ec2cb4298d723791467e3000e5384a43ea0cdf5d45207c7e97169",
                "sha256:6135db2ba678168c07950f9a16c4031822c6f4aec75a65e0a97bc5ca09789931",
                "sha256:dcdef580e18a76d54002088602eba453eec38ebbcafafeaabd8cab12b6155d57"
            ],
            "index": "pypi",
            "version": "==4.8.1"
        },
        "billiard": {
            "hashes": [
                "sha256:01afcb4e7c4fd6480940cfbd4d9edc19d7a7509d6ada533984d0d0f49901ec82",
                "sha256:b8809c74f648dfe69b973c8e660bcec00603758c9db8ba89d7719f88d5f01f26"
            ],
            "version": "==3.6.1.0"
        },
        "celery": {
            "hashes": [
                "sha256:4c4532aa683f170f40bd76f928b70bc06ff171a959e06e71bf35f2f9d6031ef9",
                "sha256:528e56767ae7e43a16cfef24ee1062491f5754368d38fcfffa861cdb9ef219be"
            ],
            "index": "pypi",
            "version": "==4.3.0"
        },
        "certifi": {
            "hashes": [
                "sha256:e4f3620cfea4f83eedc95b24abd9cd56f3c4b146dd0177e83a21b4eb49e21e50",
                "sha256:fd7c7c74727ddcf00e9acd26bba8da604ffec95bf1c2144e67aff7a8b50e6cef"
            ],
            "version": "==2019.9.11"
        },
        "chardet": {
            "hashes": [
                "sha256:84ab92ed1c4d4f16916e05906b6b75a6c0fb5db821cc65e70cbd64a3e2a5eaae",
                "sha256:fc323ffcaeaed0e0a02bf4d117757b98aed530d9ed4531e3e15460124c106691"
            ],
            "version": "==3.0.4"
        },
        "django": {
            "hashes": [
                "sha256:4025317ca01f75fc79250ff7262a06d8ba97cd4f82e93394b2a0a6a4a925caeb",
                "sha256:a8ca1033acac9f33995eb2209a6bf18a4681c3e5269a878e9a7e0b7384ed1ca3"
            ],
            "index": "pypi",
            "version": "==2.2.6"
        },
        "django-bootstrap4": {
            "hashes": [
                "sha256:3da770392819267eda2f774bcf832460af00db21089b94caf4df94be8a48c48c"
            ],
            "index": "pypi",
            "version": "==1.0.1"
        },
        "django-celery-beat": {
            "hashes": [
                "sha256:61c92d4b600a9f24406ee0b8d01a9b192253e15d047e3325e1d81e2cacf7aba6",
                "sha256:659b39232c454ac27022bf679939bce0471fd482f3ee9276f5199716cb4afad9"
            ],
            "index": "pypi",
            "version": "==1.5.0"
        },
        "django-timezone-field": {
            "hashes": [
                "sha256:1a7bbcf984ae191c6dfe713994b4ff4062dc21e47a909356c93e76d027c87c8f",
                "sha256:a25af66b86d13709aa8c69a361c1ea68322cda64b5bbf9141fb67b8b44aa4e43"
            ],
            "version": "==3.1"
        },
        "docker": {
            "hashes": [
                "sha256:6e06c5e70ba4fad73e35f00c55a895a448398f3ada7faae072e2bb01348bafc1",
                "sha256:8f93775b8bdae3a2df6bc9a5312cce564cade58d6555f2c2570165a1270cd8a7"
            ],
            "index": "pypi",
            "version": "==4.1.0"
        },
        "fasteners": {
            "hashes": [
                "sha256:007e4d2b2d4a10093f67e932e5166722d2eab83b77724156e92ad013c6226574",
                "sha256:3a176da6b70df9bb88498e1a18a9e4a8579ed5b9141207762368a1017bf8f5ef"
            ],
            "version": "==0.15"
        },
        "future": {
            "hashes": [
                "sha256:6142ef79e2416e432931d527452a1cab3aa4a754a0a53d25b2589f79e1106f34"
            ],
            "version": "==0.18.0"
        },
        "gunicorn": {
            "hashes": [
                "sha256:aa8e0b40b4157b36a5df5e599f45c9c76d6af43845ba3b3b0efe2c70473c2471",
                "sha256:fa2662097c66f920f53f70621c6c58ca4a3c4d3434205e608e121b5b3b71f4f3"
            ],
            "index": "pypi",
            "version": "==19.9.0"
        },
        "idna": {
            "hashes": [
                "sha256:c357b3f628cf53ae2c4c05627ecc484553142ca23264e593d327bcde5e9c3407",
                "sha256:ea8b7f6188e6fa117537c3df7da9fc686d485087abf6ac197f9c46432f7e4a3c"
            ],
            "version": "==2.8"
        },
        "idna-ssl": {
            "hashes": [
                "sha256:a933e3bb13da54383f9e8f35dc4f9cb9eb9b3b78c6b36f311254d6d0d92c6c7c"
            ],
            "version": "==1.1.0"
        },
        "importlib-metadata": {
            "hashes": [
                "sha256:aa18d7378b00b40847790e7c27e11673d7fed219354109d0e7b9e5b25dc3ad26",
                "sha256:d5f18a79777f3aa179c145737780282e27b508fc8fd688cb17c7a813e8bd39af"
            ],
            "version": "==0.23"
        },
        "kombu": {
            "hashes": [
                "sha256:31edb84947996fdda065b6560c128d5673bb913ff34aa19e7b84755217a24deb",
                "sha256:c9078124ce2616b29cf6607f0ac3db894c59154252dee6392cdbbe15e5c4b566"
            ],
            "version": "==4.6.5"
        },
        "minio": {
            "hashes": [
                "sha256:8f7ba1ca0750dfca3302cb03b14a92bf5f1c755ff84f9ba268079bf582e0f735",
                "sha256:cac56a950217b989daa460e8532ce5c68635a1bd1d54b8ab4e4285659cb8fa92"
            ],
            "index": "pypi",
            "version": "==5.0.1"
        },
        "monotonic": {
            "hashes": [
                "sha256:23953d55076df038541e648a53676fb24980f7a1be290cdda21300b3bc21dfb0",
                "sha256:552a91f381532e33cbd07c6a2655a21908088962bb8fa7239ecbcc6ad1140cc7"
            ],
            "version": "==1.5"
        },
        "more-itertools": {
            "hashes": [
                "sha256:409cd48d4db7052af495b09dec721011634af3753ae1ef92d2b32f73a745f832",
                "sha256:92b8c4b06dac4f0611c0729b2f2ede52b2e1bac1ab48f089c7ddc12e26bb60c4"
            ],
            "version": "==7.2.0"
        },
        "multidict": {
            "hashes": [
                "sha256:024b8129695a952ebd93373e45b5d341dbb87c17ce49637b34000093f243dd4f",
                "sha256:041e9442b11409be5e4fc8b6a97e4bcead758ab1e11768d1e69160bdde18acc3",
                "sha256:045b4dd0e5f6121e6f314d81759abd2c257db4634260abcfe0d3f7083c4908ef",
                "sha256:047c0a04e382ef8bd74b0de01407e8d8632d7d1b4db6f2561106af812a68741b",
                "sha256:068167c2d7bbeebd359665ac4fff756be5ffac9cda02375b5c5a7c4777038e73",
                "sha256:148ff60e0fffa2f5fad2eb25aae7bef23d8f3b8bdaf947a65cdbe84a978092bc",
                "sha256:1d1c77013a259971a72ddaa83b9f42c80a93ff12df6a4723be99d858fa30bee3",
                "sha256:1d48bc124a6b7a55006d97917f695effa9725d05abe8ee78fd60d6588b8344cd",
                "sha256:31dfa2fc323097f8ad7acd41aa38d7c614dd1960ac6681745b6da124093dc351",
                "sha256:34f82db7f80c49f38b032c5abb605c458bac997a6c3142e0d6c130be6fb2b941",
                "sha256:3d5dd8e5998fb4ace04789d1d008e2bb532de501218519d70bb672c4c5a2fc5d",
                "sha256:4a6ae52bd3ee41ee0f3acf4c60ceb3f44e0e3bc52ab7da1c2b2aa6703363a3d1",
                "sha256:4b02a3b2a2f01d0490dd39321c74273fed0568568ea0e7ea23e02bd1fb10a10b",
                "sha256:4b843f8e1dd6a3195679d9838eb4670222e8b8d01bc36c9894d6c3538316fa0a",
                "sha256:5de53a28f40ef3c4fd57aeab6b590c2c663de87a5af76136ced519923d3efbb3",
                "sha256:61b2b33ede821b94fa99ce0b09c9ece049c7067a33b279f343adfe35108a4ea7",
                "sha256:6a3a9b0f45fd75dc05d8e93dc21b18fc1670135ec9544d1ad4acbcf6b86781d0",
                "sha256:76ad8e4c69dadbb31bad17c16baee61c0d1a4a73bed2590b741b2e1a46d3edd0",
                "sha256:7ba19b777dc00194d1b473180d4ca89a054dd18de27d0ee2e42a103ec9b7d014",
                "sha256:7c1b7eab7a49aa96f3db1f716f0113a8a2e93c7375dd3d5d21c4941f1405c9c5",
                "sha256:7fc0eee3046041387cbace9314926aa48b681202f8897f8bff3809967a049036",
                "sha256:8ccd1c5fff1aa1427100ce188557fc31f1e0a383ad8ec42c559aabd4ff08802d",
                "sha256:8e08dd76de80539d613654915a2f5196dbccc67448df291e69a88712ea21e24a",
                "sha256:c18498c50c59263841862ea0501da9f2b3659c00db54abfbf823a80787fde8ce",
                "sha256:c49db89d602c24928e68c0d510f4fcf8989d77defd01c973d6cbe27e684833b1",
                "sha256:ce20044d0317649ddbb4e54dab3c1bcc7483c78c27d3f58ab3d0c7e6bc60d26a",
                "sha256:d1071414dd06ca2eafa90c85a079169bfeb0e5f57fd0b45d44c092546fcd6fd9",
                "sha256:d3be11ac43ab1a3e979dac80843b42226d5d3cccd3986f2e03152720a4297cd7",
                "sha256:db603a1c235d110c860d5f39988ebc8218ee028f07a7cbc056ba6424372ca31b"
            ],
            "version": "==4.5.2"
        },
        "nested-lookup": {
            "hashes": [
                "sha256:9c4c25e4b0327dfd1a039ebf0615896a5017b64f3f2076f53909b272a6c56d2b"
            ],
            "index": "pypi",
            "version": "==0.2.18"
        },
        "node-semver": {
            "hashes": [
                "sha256:21b9a02069a71c4936b211eea4c600e78cf9ceb03ecc0272186c4ac5c3b4f1dc",
                "sha256:272958646985a4791a3daf8b6fc978ee7de5287121c1c3df62fefb8fb720862e"
            ],
            "version": "==0.7.0"
        },
        "npmdownloader": {
            "hashes": [
                "sha256:d8ce587843167823124f6e45dcbc357819cf3950fca3660214cfde289839f3ee"
            ],
            "index": "pypi",
            "version": "==1.1.1"
        },
        "python-crontab": {
            "hashes": [
                "sha256:ef1eef66c75fa95a934e203e18721987e7824f9b40cad698edbcfaf2ace11d6c"
            ],
            "version": "==2.3.9"
        },
        "python-dateutil": {
            "hashes": [
                "sha256:7e6584c74aeed623791615e26efd690f29817a27c73085b78e4bad02493df2fb",
                "sha256:c89805f6f4d64db21ed966fda138f8a5ed7a4fdbc1a8ee329ce1b74e3c74da9e"
            ],
            "version": "==2.8.0"
        },
        "pytz": {
            "hashes": [
                "sha256:1c557d7d0e871de1f5ccd5833f60fb2550652da6be2693c1e02300743d21500d",
                "sha256:b02c06db6cf09c12dd25137e563b31700d3b80fcc4ad23abb7a315f2789819be"
            ],
            "version": "==2019.3"
        },
        "redis": {
            "hashes": [
                "sha256:a657a62ca12d20deb700c3c00b4923bc29893740f2c072e7b1b669777401295d",
                "sha256:bf027fdd92aead8e49ab9d29e72498eef6ca7a38a15b2f88c5d9146145e93049"
            ],
            "index": "pypi",
            "version": "==3.3.10"
        },
        "requests": {
            "hashes": [
                "sha256:11e007a8a2aa0323f5a921e9e6a2d7e4e67d9877e85773fba9ba6419025cbeb4",
                "sha256:9cf5292fcd0f598c671cfc1e0d7d1a7f13bb8085e9a590f48c010551dc6c4b31"
            ],
            "index": "pypi",
            "version": "==2.22.0"
        },
        "six": {
            "hashes": [
                "sha256:3350809f0555b11f552448330d0b52d5f24c91a322ea4a15ef22629740f3761c",
                "sha256:d16a0141ec1a18405cd4ce8b4613101da75da0e9a7aec5bdd4fa804d0e0eba73"
            ],
            "index": "pypi",
            "version": "==1.12.0"
        },
        "soupsieve": {
            "hashes": [
                "sha256:605f89ad5fdbfefe30cdc293303665eff2d188865d4dbe4eb510bba1edfbfce3",
                "sha256:b91d676b330a0ebd5b21719cb6e9b57c57d433671f65b9c28dd3461d9a1ed0b6"
            ],
            "version": "==1.9.4"
        },
        "sqlparse": {
            "hashes": [
                "sha256:40afe6b8d4b1117e7dff5504d7a8ce07d9a1b15aeeade8a2d10f130a834f8177",
                "sha256:7c3dca29c022744e95b547e867cee89f4fce4373f3549ccd8797d8eb52cdb873"
            ],
            "version": "==0.3.0"
        },
        "urllib3": {
            "hashes": [
                "sha256:3de946ffbed6e6746608990594d08faac602528ac7015ac28d33cee6a45b7398",
                "sha256:9a107b99a5393caf59c7aa3c1249c16e6879447533d0887f4336dde834c7be86"
            ],
            "version": "==1.25.6"
        },
        "vine": {
            "hashes": [
                "sha256:133ee6d7a9016f177ddeaf191c1f58421a1dcc6ee9a42c58b34bed40e1d2cd87",
                "sha256:ea4947cc56d1fd6f2095c8d543ee25dad966f78692528e68b4fada11ba3f98af"
            ],
            "version": "==1.3.0"
        },
        "websocket-client": {
            "hashes": [
                "sha256:1151d5fb3a62dc129164292e1227655e4bbc5dd5340a5165dfae61128ec50aa9",
                "sha256:1fd5520878b68b84b5748bb30e592b10d0a91529d5383f74f4964e72b297fd3a"
            ],
            "version": "==0.56.0"
        },
        "yarl": {
            "hashes": [
                "sha256:3278209d78d534d59ee44f595e54ee4d3a164fa77319ffbd418b1978edf71748",
                "sha256:32a52453fc20153e34d2cf99f1a2f4c3d144e320896f1f89b5ee89bb41e877be",
                "sha256:48f3807855b69414a41e70908e502d6dbf563e3eca22f73d1344aad9270a4ff9",
                "sha256:4c2d780cb0b669bf027da57a0834d4968ed55c89f1593cfd11be8108bff699e2",
                "sha256:843c90c7a2756c033e9bb4464f789e21bc33f561c1e6c0ef7569f452b33a761a",
                "sha256:8765ebd034d0dc812a311b31251dffb434c753fc7124487912a5bca7baeb5c9b",
                "sha256:a2dda88459cfe50f4f6a225d2f51e3fffb0c3c18f4c3a3ac38d9dc054f8c37b0",
                "sha256:ac574aa2c45185e038489ff8f3bebd9269dd8327e86c72d9a7f83a1d3ad9eec4",
                "sha256:ce5963f2451661a435721d8907a824daea52aad6e3bee9b4104e75d19269cdae",
                "sha256:ceae77215870ecaba555b2e74dd308de9abe6d44b0eecafae6ecef4a14e289f8",
                "sha256:cec06d4272c2ced65308daf63360daeea5061c030fe28f75e499afd735cee860",
                "sha256:ee506bc321b455b4a410724ec9c0ad4940932553523c6e7b69f0155269793734",
                "sha256:fbbb10276d53629c0300cfd4a2092e3bbfa9a5aa95cd49808e01c59492052077"
            ],
            "version": "==1.2.0"
        },
        "zipp": {
            "hashes": [
                "sha256:3718b1cbcd963c7d4c5511a8240812904164b7f381b647143a89d3b98f9bcd8e",
                "sha256:f06903e9f1f43b12d371004b4ac7b06ab39a44adc747266928ae6debfa7b3335"
            ],
            "version": "==0.6.0"
        }
    },
    "develop": {}
}
